
Microsoft Visual Studio Solution File, Format Version 12.00
# Visual Studio 14
VisualStudioVersion = 14.0.23107.0
MinimumVisualStudioVersion = 10.0.40219.1
Project("{FAE04EC0-301F-11D3-BF4B-00C04F79EFBC}") = "ATM", "ATM\ATM.csproj", "{ACB1EECA-C8EC-4FA8-B177-841B8CE2DDFE}"
EndProject
Project("{2150E333-8FDC-42A3-9474-1A3956D46DE8}") = "Solution Items", "Solution Items", "{09407019-6E38-43B0-BDEB-ADB9D6586685}"
EndProject
Global
	GlobalSection(SolutionConfigurationPlatforms) = preSolution
		Debug|Any CPU = Debug|Any CPU
		Release|Any CPU = Release|Any CPU
	EndGlobalSection
	GlobalSection(ProjectConfigurationPlatforms) = postSolution
		{ACB1EECA-C8EC-4FA8-B177-841B8CE2DDFE}.Debug|Any CPU.ActiveCfg = Debug|Any CPU
		{ACB1EECA-C8EC-4FA8-B177-841B8CE2DDFE}.Debug|Any CPU.Build.0 = Debug|Any CPU
		{ACB1EECA-C8EC-4FA8-B177-841B8CE2DDFE}.Release|Any CPU.ActiveCfg = Release|Any CPU
		{ACB1EECA-C8EC-4FA8-B177-841B8CE2DDFE}.Release|Any CPU.Build.0 = Release|Any CPU
	EndGlobalSection
	GlobalSection(SolutionProperties) = preSolution
		HideSolutionNode = FALSE
	EndGlobalSection
EndGlobal
