
Microsoft Visual Studio Solution File, Format Version 12.00
# Visual Studio 2012
Project("{FAE04EC0-301F-11D3-BF4B-00C04F79EFBC}") = "ATM_Machine", "ATM_Machine\ATM_Machine.csproj", "{370F5A25-17BB-4285-A6A6-31CFE413F6C9}"
EndProject
Global
	GlobalSection(SolutionConfigurationPlatforms) = preSolution
		Debug|x86 = Debug|x86
		Release|x86 = Release|x86
	EndGlobalSection
	GlobalSection(ProjectConfigurationPlatforms) = postSolution
		{370F5A25-17BB-4285-A6A6-31CFE413F6C9}.Debug|x86.ActiveCfg = Debug|x86
		{370F5A25-17BB-4285-A6A6-31CFE413F6C9}.Debug|x86.Build.0 = Debug|x86
		{370F5A25-17BB-4285-A6A6-31CFE413F6C9}.Release|x86.ActiveCfg = Release|x86
		{370F5A25-17BB-4285-A6A6-31CFE413F6C9}.Release|x86.Build.0 = Release|x86
	EndGlobalSection
EndGlobal
